
Microsoft Visual Studio Solution File, Format Version 12.00
# Visual Studio Version 16
VisualStudioVersion = 16.0.32126.315
MinimumVisualStudioVersion = 10.0.40219.1
Project("{FAE04EC0-301F-11D3-BF4B-00C04F79EFBC}") = "RectangleCalculator11", "RectangleCalculator11\RectangleCalculator11.csproj", "{2E04CE62-31BA-4536-9148-48B0364FA414}"
EndProject
Project("{FAE04EC0-301F-11D3-BF4B-00C04F79EFBC}") = "Test", "Test\Test.csproj", "{792B7FEA-EE99-475C-BE97-DDC577D49BBC}"
EndProject
Global
	GlobalSection(SolutionConfigurationPlatforms) = preSolution
		Debug|Any CPU = Debug|Any CPU
		Release|Any CPU = Release|Any CPU
	EndGlobalSection
	GlobalSection(ProjectConfigurationPlatforms) = postSolution
		{2E04CE62-31BA-4536-9148-48B0364FA414}.Debug|Any CPU.ActiveCfg = Debug|Any CPU
		{2E04CE62-31BA-4536-9148-48B0364FA414}.Debug|Any CPU.Build.0 = Debug|Any CPU
		{2E04CE62-31BA-4536-9148-48B0364FA414}.Release|Any CPU.ActiveCfg = Release|Any CPU
		{2E04CE62-31BA-4536-9148-48B0364FA414}.Release|Any CPU.Build.0 = Release|Any CPU
		{792B7FEA-EE99-475C-BE97-DDC577D49BBC}.Debug|Any CPU.ActiveCfg = Debug|Any CPU
		{792B7FEA-EE99-475C-BE97-DDC577D49BBC}.Debug|Any CPU.Build.0 = Debug|Any CPU
		{792B7FEA-EE99-475C-BE97-DDC577D49BBC}.Release|Any CPU.ActiveCfg = Release|Any CPU
		{792B7FEA-EE99-475C-BE97-DDC577D49BBC}.Release|Any CPU.Build.0 = Release|Any CPU
	EndGlobalSection
	GlobalSection(SolutionProperties) = preSolution
		HideSolutionNode = FALSE
	EndGlobalSection
	GlobalSection(ExtensibilityGlobals) = postSolution
		SolutionGuid = {3083B3BB-5EEF-46CA-84D8-CB84BC1F16AE}
	EndGlobalSection
EndGlobal
